// !$*UTF8*$!
{
	archiveVersion = 1;
	classes = {
	};
	objectVersion = 50;
	objects = {

/* Begin PBXBuildFile section */
		90BD39C721B6F6F500BA7421 /* AppDelegate.swift in Sources */ = {isa = PBXBuildFile; fileRef = 90BD39C621B6F6F500BA7421 /* AppDelegate.swift */; };
		90BD39C921B6F6F500BA7421 /* ViewController.swift in Sources */ = {isa = PBXBuildFile; fileRef = 90BD39C821B6F6F500BA7421 /* ViewController.swift */; };
		90BD39CC21B6F6F500BA7421 /* Main.storyboard in Resources */ = {isa = PBXBuildFile; fileRef = 90BD39CA21B6F6F500BA7421 /* Main.storyboard */; };
		90BD39CE21B6F6F700BA7421 /* Assets.xcassets in Resources */ = {isa = PBXBuildFile; fileRef = 90BD39CD21B6F6F700BA7421 /* Assets.xcassets */; };
		90BD39D121B6F6F700BA7421 /* LaunchScreen.storyboard in Resources */ = {isa = PBXBuildFile; fileRef = 90BD39CF21B6F6F700BA7421 /* LaunchScreen.storyboard */; };
		90BD39DE21B6F75600BA7421 /* Interface.storyboard in Resources */ = {isa = PBXBuildFile; fileRef = 90BD39DC21B6F75600BA7421 /* Interface.storyboard */; };
		90BD39E021B6F75700BA7421 /* Assets.xcassets in Resources */ = {isa = PBXBuildFile; fileRef = 90BD39DF21B6F75700BA7421 /* Assets.xcassets */; };
		90BD39E721B6F75700BA7421 /* Christmas_2018_Watch_Face Extension.appex in Embed App Extensions */ = {isa = PBXBuildFile; fileRef = 90BD39E621B6F75700BA7421 /* Christmas_2018_Watch_Face Extension.appex */; settings = {ATTRIBUTES = (RemoveHeadersOnCopy, ); }; };
		90BD39EC21B6F75700BA7421 /* InterfaceController.swift in Sources */ = {isa = PBXBuildFile; fileRef = 90BD39EB21B6F75700BA7421 /* InterfaceController.swift */; };
		90BD39EE21B6F75700BA7421 /* ExtensionDelegate.swift in Sources */ = {isa = PBXBuildFile; fileRef = 90BD39ED21B6F75700BA7421 /* ExtensionDelegate.swift */; };
		90BD39F021B6F75700BA7421 /* Assets.xcassets in Resources */ = {isa = PBXBuildFile; fileRef = 90BD39EF21B6F75700BA7421 /* Assets.xcassets */; };
		90BD39F421B6F75700BA7421 /* Christmas_2018_Watch_Face.app in Embed Watch Content */ = {isa = PBXBuildFile; fileRef = 90BD39DA21B6F75600BA7421 /* Christmas_2018_Watch_Face.app */; };
		90BD39FF21B6F83A00BA7421 /* ChristmasPaperTown.swift in Sources */ = {isa = PBXBuildFile; fileRef = 90BD39FE21B6F83A00BA7421 /* ChristmasPaperTown.swift */; };
		90BD3A0121B6F88300BA7421 /* ChristmasPaperTown.sks in Resources */ = {isa = PBXBuildFile; fileRef = 90BD3A0021B6F88300BA7421 /* ChristmasPaperTown.sks */; };
		90BD3A0721B7028200BA7421 /* DancingScript-Bold.ttf in Resources */ = {isa = PBXBuildFile; fileRef = 90BD3A0621B7028200BA7421 /* DancingScript-Bold.ttf */; };
		90BD3A0821B7028200BA7421 /* DancingScript-Bold.ttf in Resources */ = {isa = PBXBuildFile; fileRef = 90BD3A0621B7028200BA7421 /* DancingScript-Bold.ttf */; };
		90BD3A0E21B704CA00BA7421 /* SnowEmitter.sks in Resources */ = {isa = PBXBuildFile; fileRef = 90BD3A0C21B704CA00BA7421 /* SnowEmitter.sks */; };
		90BD3A2321B848F900BA7421 /* ChristmasPaperTown.atlasc in Resources */ = {isa = PBXBuildFile; fileRef = 90BD3A2221B848F900BA7421 /* ChristmasPaperTown.atlasc */; };
		90BD3A2521B84B5500BA7421 /* PresentEmitter.sks in Resources */ = {isa = PBXBuildFile; fileRef = 90BD3A2421B84B5500BA7421 /* PresentEmitter.sks */; };
/* End PBXBuildFile section */

/* Begin PBXContainerItemProxy section */
		90BD39E821B6F75700BA7421 /* PBXContainerItemProxy */ = {
			isa = PBXContainerItemProxy;
			containerPortal = 90BD39BB21B6F6F500BA7421 /* Project object */;
			proxyType = 1;
			remoteGlobalIDString = 90BD39E521B6F75700BA7421;
			remoteInfo = "Christmas_2018_Watch_Face Extension";
		};
		90BD39F221B6F75700BA7421 /* PBXContainerItemProxy */ = {
			isa = PBXContainerItemProxy;
			containerPortal = 90BD39BB21B6F6F500BA7421 /* Project object */;
			proxyType = 1;
			remoteGlobalIDString = 90BD39D921B6F75600BA7421;
			remoteInfo = Christmas_2018_Watch_Face;
		};
/* End PBXContainerItemProxy section */

/* Begin PBXCopyFilesBuildPhase section */
		90BD39F821B6F75700BA7421 /* Embed App Extensions */ = {
			isa = PBXCopyFilesBuildPhase;
			buildActionMask = 2147483647;
			dstPath = "";
			dstSubfolderSpec = 13;
			files = (
				90BD39E721B6F75700BA7421 /* Christmas_2018_Watch_Face Extension.appex in Embed App Extensions */,
			);
			name = "Embed App Extensions";
			runOnlyForDeploymentPostprocessing = 0;
		};
		90BD39FC21B6F75700BA7421 /* Embed Watch Content */ = {
			isa = PBXCopyFilesBuildPhase;
			buildActionMask = 2147483647;
			dstPath = "$(CONTENTS_FOLDER_PATH)/Watch";
			dstSubfolderSpec = 16;
			files = (
				90BD39F421B6F75700BA7421 /* Christmas_2018_Watch_Face.app in Embed Watch Content */,
			);
			name = "Embed Watch Content";
			runOnlyForDeploymentPostprocessing = 0;
		};
/* End PBXCopyFilesBuildPhase section */

/* Begin PBXFileReference section */
		90BD39C321B6F6F500BA7421 /* Watch_Face_Christmas_2018.app */ = {isa = PBXFileReference; explicitFileType = wrapper.application; includeInIndex = 0; path = Watch_Face_Christmas_2018.app; sourceTree = BUILT_PRODUCTS_DIR; };
		90BD39C621B6F6F500BA7421 /* AppDelegate.swift */ = {isa = PBXFileReference; lastKnownFileType = sourcecode.swift; path = AppDelegate.swift; sourceTree = "<group>"; };
		90BD39C821B6F6F500BA7421 /* ViewController.swift */ = {isa = PBXFileReference; lastKnownFileType = sourcecode.swift; path = ViewController.swift; sourceTree = "<group>"; };
		90BD39CB21B6F6F500BA7421 /* Base */ = {isa = PBXFileReference; lastKnownFileType = file.storyboard; name = Base; path = Base.lproj/Main.storyboard; sourceTree = "<group>"; };
		90BD39CD21B6F6F700BA7421 /* Assets.xcassets */ = {isa = PBXFileReference; lastKnownFileType = folder.assetcatalog; path = Assets.xcassets; sourceTree = "<group>"; };
		90BD39D021B6F6F700BA7421 /* Base */ = {isa = PBXFileReference; lastKnownFileType = file.storyboard; name = Base; path = Base.lproj/LaunchScreen.storyboard; sourceTree = "<group>"; };
		90BD39D221B6F6F700BA7421 /* Info.plist */ = {isa = PBXFileReference; lastKnownFileType = text.plist.xml; path = Info.plist; sourceTree = "<group>"; };
		90BD39DA21B6F75600BA7421 /* Christmas_2018_Watch_Face.app */ = {isa = PBXFileReference; explicitFileType = wrapper.application; includeInIndex = 0; path = Christmas_2018_Watch_Face.app; sourceTree = BUILT_PRODUCTS_DIR; };
		90BD39DD21B6F75600BA7421 /* Base */ = {isa = PBXFileReference; lastKnownFileType = file.storyboard; name = Base; path = Base.lproj/Interface.storyboard; sourceTree = "<group>"; };
		90BD39DF21B6F75700BA7421 /* Assets.xcassets */ = {isa = PBXFileReference; lastKnownFileType = folder.assetcatalog; path = Assets.xcassets; sourceTree = "<group>"; };
		90BD39E121B6F75700BA7421 /* Info.plist */ = {isa = PBXFileReference; lastKnownFileType = text.plist.xml; path = Info.plist; sourceTree = "<group>"; };
		90BD39E621B6F75700BA7421 /* Christmas_2018_Watch_Face Extension.appex */ = {isa = PBXFileReference; explicitFileType = "wrapper.app-extension"; includeInIndex = 0; path = "Christmas_2018_Watch_Face Extension.appex"; sourceTree = BUILT_PRODUCTS_DIR; };
		90BD39EB21B6F75700BA7421 /* InterfaceController.swift */ = {isa = PBXFileReference; lastKnownFileType = sourcecode.swift; path = InterfaceController.swift; sourceTree = "<group>"; };
		90BD39ED21B6F75700BA7421 /* ExtensionDelegate.swift */ = {isa = PBXFileReference; lastKnownFileType = sourcecode.swift; path = ExtensionDelegate.swift; sourceTree = "<group>"; };
		90BD39EF21B6F75700BA7421 /* Assets.xcassets */ = {isa = PBXFileReference; lastKnownFileType = folder.assetcatalog; path = Assets.xcassets; sourceTree = "<group>"; };
		90BD39F121B6F75700BA7421 /* Info.plist */ = {isa = PBXFileReference; lastKnownFileType = text.plist.xml; path = Info.plist; sourceTree = "<group>"; };
		90BD39FE21B6F83A00BA7421 /* ChristmasPaperTown.swift */ = {isa = PBXFileReference; lastKnownFileType = sourcecode.swift; path = ChristmasPaperTown.swift; sourceTree = "<group>"; };
		90BD3A0021B6F88300BA7421 /* ChristmasPaperTown.sks */ = {isa = PBXFileReference; lastKnownFileType = file.sks; path = ChristmasPaperTown.sks; sourceTree = "<group>"; };
		90BD3A0621B7028200BA7421 /* DancingScript-Bold.ttf */ = {isa = PBXFileReference; lastKnownFileType = file; path = "DancingScript-Bold.ttf"; sourceTree = "<group>"; };
		90BD3A0C21B704CA00BA7421 /* SnowEmitter.sks */ = {isa = PBXFileReference; lastKnownFileType = file.sks; path = SnowEmitter.sks; sourceTree = "<group>"; };
		90BD3A2221B848F900BA7421 /* ChristmasPaperTown.atlasc */ = {isa = PBXFileReference; lastKnownFileType = folder; path = ChristmasPaperTown.atlasc; sourceTree = "<group>"; };
		90BD3A2421B84B5500BA7421 /* PresentEmitter.sks */ = {isa = PBXFileReference; lastKnownFileType = file.sks; path = PresentEmitter.sks; sourceTree = "<group>"; };
		90BD3A2621B85AB100BA7421 /* README.md */ = {isa = PBXFileReference; lastKnownFileType = net.daringfireball.markdown; path = README.md; sourceTree = "<group>"; };
/* End PBXFileReference section */

/* Begin PBXFrameworksBuildPhase section */
		90BD39C021B6F6F500BA7421 /* Frameworks */ = {
			isa = PBXFrameworksBuildPhase;
			buildActionMask = 2147483647;
			files = (
			);
			runOnlyForDeploymentPostprocessing = 0;
		};
		90BD39E321B6F75700BA7421 /* Frameworks */ = {
			isa = PBXFrameworksBuildPhase;
			buildActionMask = 2147483647;
			files = (
			);
			runOnlyForDeploymentPostprocessing = 0;
		};
/* End PBXFrameworksBuildPhase section */

/* Begin PBXGroup section */
		90BD39BA21B6F6F500BA7421 = {
			isa = PBXGroup;
			children = (
				90BD3A2621B85AB100BA7421 /* README.md */,
				90BD39C521B6F6F500BA7421 /* Watch_Face_Christmas_2018 */,
				90BD39DB21B6F75600BA7421 /* Christmas_2018_Watch_Face */,
				90BD39EA21B6F75700BA7421 /* Christmas_2018_Watch_Face Extension */,
				90BD39C421B6F6F500BA7421 /* Products */,
			);
			sourceTree = "<group>";
		};
		90BD39C421B6F6F500BA7421 /* Products */ = {
			isa = PBXGroup;
			children = (
				90BD39C321B6F6F500BA7421 /* Watch_Face_Christmas_2018.app */,
				90BD39DA21B6F75600BA7421 /* Christmas_2018_Watch_Face.app */,
				90BD39E621B6F75700BA7421 /* Christmas_2018_Watch_Face Extension.appex */,
			);
			name = Products;
			sourceTree = "<group>";
		};
		90BD39C521B6F6F500BA7421 /* Watch_Face_Christmas_2018 */ = {
			isa = PBXGroup;
			children = (
				90BD39C621B6F6F500BA7421 /* AppDelegate.swift */,
				90BD39C821B6F6F500BA7421 /* ViewController.swift */,
				90BD39CA21B6F6F500BA7421 /* Main.storyboard */,
				90BD39CD21B6F6F700BA7421 /* Assets.xcassets */,
				90BD39CF21B6F6F700BA7421 /* LaunchScreen.storyboard */,
				90BD39D221B6F6F700BA7421 /* Info.plist */,
			);
			path = Watch_Face_Christmas_2018;
			sourceTree = "<group>";
		};
		90BD39DB21B6F75600BA7421 /* Christmas_2018_Watch_Face */ = {
			isa = PBXGroup;
			children = (
				90BD39DC21B6F75600BA7421 /* Interface.storyboard */,
				90BD39DF21B6F75700BA7421 /* Assets.xcassets */,
				90BD39E121B6F75700BA7421 /* Info.plist */,
			);
			path = Christmas_2018_Watch_Face;
			sourceTree = "<group>";
		};
		90BD39EA21B6F75700BA7421 /* Christmas_2018_Watch_Face Extension */ = {
			isa = PBXGroup;
			children = (
				90BD39FD21B6F82700BA7421 /* PaperTown */,
				90BD39EB21B6F75700BA7421 /* InterfaceController.swift */,
				90BD39ED21B6F75700BA7421 /* ExtensionDelegate.swift */,
				90BD39EF21B6F75700BA7421 /* Assets.xcassets */,
				90BD39F121B6F75700BA7421 /* Info.plist */,
			);
			path = "Christmas_2018_Watch_Face Extension";
			sourceTree = "<group>";
		};
		90BD39FD21B6F82700BA7421 /* PaperTown */ = {
			isa = PBXGroup;
			children = (
				90BD3A2221B848F900BA7421 /* ChristmasPaperTown.atlasc */,
				90BD3A0621B7028200BA7421 /* DancingScript-Bold.ttf */,
				90BD39FE21B6F83A00BA7421 /* ChristmasPaperTown.swift */,
				90BD3A0021B6F88300BA7421 /* ChristmasPaperTown.sks */,
				90BD3A0C21B704CA00BA7421 /* SnowEmitter.sks */,
				90BD3A2421B84B5500BA7421 /* PresentEmitter.sks */,
			);
			path = PaperTown;
			sourceTree = "<group>";
		};
/* End PBXGroup section */

/* Begin PBXNativeTarget section */
		90BD39C221B6F6F500BA7421 /* Watch_Face_Christmas_2018 */ = {
			isa = PBXNativeTarget;
			buildConfigurationList = 90BD39D521B6F6F700BA7421 /* Build configuration list for PBXNativeTarget "Watch_Face_Christmas_2018" */;
			buildPhases = (
				90BD39BF21B6F6F500BA7421 /* Sources */,
				90BD39C021B6F6F500BA7421 /* Frameworks */,
				90BD39C121B6F6F500BA7421 /* Resources */,
				90BD39FC21B6F75700BA7421 /* Embed Watch Content */,
			);
			buildRules = (
			);
			dependencies = (
				90BD39F321B6F75700BA7421 /* PBXTargetDependency */,
			);
			name = Watch_Face_Christmas_2018;
			productName = Watch_Face_Christmas_2018;
			productReference = 90BD39C321B6F6F500BA7421 /* Watch_Face_Christmas_2018.app */;
			productType = "com.apple.product-type.application";
		};
		90BD39D921B6F75600BA7421 /* Christmas_2018_Watch_Face */ = {
			isa = PBXNativeTarget;
			buildConfigurationList = 90BD39F921B6F75700BA7421 /* Build configuration list for PBXNativeTarget "Christmas_2018_Watch_Face" */;
			buildPhases = (
				90BD39D821B6F75600BA7421 /* Resources */,
				90BD39F821B6F75700BA7421 /* Embed App Extensions */,
			);
			buildRules = (
			);
			dependencies = (
				90BD39E921B6F75700BA7421 /* PBXTargetDependency */,
			);
			name = Christmas_2018_Watch_Face;
			productName = Christmas_2018_Watch_Face;
			productReference = 90BD39DA21B6F75600BA7421 /* Christmas_2018_Watch_Face.app */;
			productType = "com.apple.product-type.application.watchapp2";
		};
		90BD39E521B6F75700BA7421 /* Christmas_2018_Watch_Face Extension */ = {
			isa = PBXNativeTarget;
			buildConfigurationList = 90BD39F521B6F75700BA7421 /* Build configuration list for PBXNativeTarget "Christmas_2018_Watch_Face Extension" */;
			buildPhases = (
				90BD39E221B6F75700BA7421 /* Sources */,
				90BD39E321B6F75700BA7421 /* Frameworks */,
				90BD39E421B6F75700BA7421 /* Resources */,
			);
			buildRules = (
			);
			dependencies = (
			);
			name = "Christmas_2018_Watch_Face Extension";
			productName = "Christmas_2018_Watch_Face Extension";
			productReference = 90BD39E621B6F75700BA7421 /* Christmas_2018_Watch_Face Extension.appex */;
			productType = "com.apple.product-type.watchkit2-extension";
		};
/* End PBXNativeTarget section */

/* Begin PBXProject section */
		90BD39BB21B6F6F500BA7421 /* Project object */ = {
			isa = PBXProject;
			attributes = {
				LastSwiftUpdateCheck = 1010;
				LastUpgradeCheck = 1010;
				ORGANIZATIONNAME = "Michal Tynior";
				TargetAttributes = {
					90BD39C221B6F6F500BA7421 = {
						CreatedOnToolsVersion = 10.1;
					};
					90BD39D921B6F75600BA7421 = {
						CreatedOnToolsVersion = 10.1;
					};
					90BD39E521B6F75700BA7421 = {
						CreatedOnToolsVersion = 10.1;
					};
				};
			};
			buildConfigurationList = 90BD39BE21B6F6F500BA7421 /* Build configuration list for PBXProject "Watch_Face_Christmas_2018" */;
			compatibilityVersion = "Xcode 9.3";
			developmentRegion = en;
			hasScannedForEncodings = 0;
			knownRegions = (
				en,
				Base,
			);
			mainGroup = 90BD39BA21B6F6F500BA7421;
			productRefGroup = 90BD39C421B6F6F500BA7421 /* Products */;
			projectDirPath = "";
			projectRoot = "";
			targets = (
				90BD39C221B6F6F500BA7421 /* Watch_Face_Christmas_2018 */,
				90BD39D921B6F75600BA7421 /* Christmas_2018_Watch_Face */,
				90BD39E521B6F75700BA7421 /* Christmas_2018_Watch_Face Extension */,
			);
		};
/* End PBXProject section */

/* Begin PBXResourcesBuildPhase section */
		90BD39C121B6F6F500BA7421 /* Resources */ = {
			isa = PBXResourcesBuildPhase;
			buildActionMask = 2147483647;
			files = (
				90BD39D121B6F6F700BA7421 /* LaunchScreen.storyboard in Resources */,
				90BD39CE21B6F6F700BA7421 /* Assets.xcassets in Resources */,
				90BD39CC21B6F6F500BA7421 /* Main.storyboard in Resources */,
			);
			runOnlyForDeploymentPostprocessing = 0;
		};
		90BD39D821B6F75600BA7421 /* Resources */ = {
			isa = PBXResourcesBuildPhase;
			buildActionMask = 2147483647;
			files = (
				90BD3A0721B7028200BA7421 /* DancingScript-Bold.ttf in Resources */,
				90BD39E021B6F75700BA7421 /* Assets.xcassets in Resources */,
				90BD39DE21B6F75600BA7421 /* Interface.storyboard in Resources */,
			);
			runOnlyForDeploymentPostprocessing = 0;
		};
		90BD39E421B6F75700BA7421 /* Resources */ = {
			isa = PBXResourcesBuildPhase;
			buildActionMask = 2147483647;
			files = (
				90BD39F021B6F75700BA7421 /* Assets.xcassets in Resources */,
				90BD3A2321B848F900BA7421 /* ChristmasPaperTown.atlasc in Resources */,
				90BD3A0E21B704CA00BA7421 /* SnowEmitter.sks in Resources */,
				90BD3A0821B7028200BA7421 /* DancingScript-Bold.ttf in Resources */,
				90BD3A0121B6F88300BA7421 /* ChristmasPaperTown.sks in Resources */,
				90BD3A2521B84B5500BA7421 /* PresentEmitter.sks in Resources */,
			);
			runOnlyForDeploymentPostprocessing = 0;
		};
/* End PBXResourcesBuildPhase section */

/* Begin PBXSourcesBuildPhase section */
		90BD39BF21B6F6F500BA7421 /* Sources */ = {
			isa = PBXSourcesBuildPhase;
			buildActionMask = 2147483647;
			files = (
				90BD39C921B6F6F500BA7421 /* ViewController.swift in Sources */,
				90BD39C721B6F6F500BA7421 /* AppDelegate.swift in Sources */,
			);
			runOnlyForDeploymentPostprocessing = 0;
		};
		90BD39E221B6F75700BA7421 /* Sources */ = {
			isa = PBXSourcesBuildPhase;
			buildActionMask = 2147483647;
			files = (
				90BD39EE21B6F75700BA7421 /* ExtensionDelegate.swift in Sources */,
				90BD39FF21B6F83A00BA7421 /* ChristmasPaperTown.swift in Sources */,
				90BD39EC21B6F75700BA7421 /* InterfaceController.swift in Sources */,
			);
			runOnlyForDeploymentPostprocessing = 0;
		};
/* End PBXSourcesBuildPhase section */

/* Begin PBXTargetDependency section */
		90BD39E921B6F75700BA7421 /* PBXTargetDependency */ = {
			isa = PBXTargetDependency;
			target = 90BD39E521B6F75700BA7421 /* Christmas_2018_Watch_Face Extension */;
			targetProxy = 90BD39E821B6F75700BA7421 /* PBXContainerItemProxy */;
		};
		90BD39F321B6F75700BA7421 /* PBXTargetDependency */ = {
			isa = PBXTargetDependency;
			target = 90BD39D921B6F75600BA7421 /* Christmas_2018_Watch_Face */;
			targetProxy = 90BD39F221B6F75700BA7421 /* PBXContainerItemProxy */;
		};
/* End PBXTargetDependency section */

/* Begin PBXVariantGroup section */
		90BD39CA21B6F6F500BA7421 /* Main.storyboard */ = {
			isa = PBXVariantGroup;
			children = (
				90BD39CB21B6F6F500BA7421 /* Base */,
			);
			name = Main.storyboard;
			sourceTree = "<group>";
		};
		90BD39CF21B6F6F700BA7421 /* LaunchScreen.storyboard */ = {
			isa = PBXVariantGroup;
			children = (
				90BD39D021B6F6F700BA7421 /* Base */,
			);
			name = LaunchScreen.storyboard;
			sourceTree = "<group>";
		};
		90BD39DC21B6F75600BA7421 /* Interface.storyboard */ = {
			isa = PBXVariantGroup;
			children = (
				90BD39DD21B6F75600BA7421 /* Base */,
			);
			name = Interface.storyboard;
			sourceTree = "<group>";
		};
/* End PBXVariantGroup section */

/* Begin XCBuildConfiguration section */
		90BD39D321B6F6F700BA7421 /* Debug */ = {
			isa = XCBuildConfiguration;
			buildSettings = {
				ALWAYS_SEARCH_USER_PATHS = NO;
				CLANG_ANALYZER_NONNULL = YES;
				CLANG_ANALYZER_NUMBER_OBJECT_CONVERSION = YES_AGGRESSIVE;
				CLANG_CXX_LANGUAGE_STANDARD = "gnu++14";
				CLANG_CXX_LIBRARY = "libc++";
				CLANG_ENABLE_MODULES = YES;
				CLANG_ENABLE_OBJC_ARC = YES;
				CLANG_ENABLE_OBJC_WEAK = YES;
				CLANG_WARN_BLOCK_CAPTURE_AUTORELEASING = YES;
				CLANG_WARN_BOOL_CONVERSION = YES;
				CLANG_WARN_COMMA = YES;
				CLANG_WARN_CONSTANT_CONVERSION = YES;
				CLANG_WARN_DEPRECATED_OBJC_IMPLEMENTATIONS = YES;
				CLANG_WARN_DIRECT_OBJC_ISA_USAGE = YES_ERROR;
				CLANG_WARN_DOCUMENTATION_COMMENTS = YES;
				CLANG_WARN_EMPTY_BODY = YES;
				CLANG_WARN_ENUM_CONVERSION = YES;
				CLANG_WARN_INFINITE_RECURSION = YES;
				CLANG_WARN_INT_CONVERSION = YES;
				CLANG_WARN_NON_LITERAL_NULL_CONVERSION = YES;
				CLANG_WARN_OBJC_IMPLICIT_RETAIN_SELF = YES;
				CLANG_WARN_OBJC_LITERAL_CONVERSION = YES;
				CLANG_WARN_OBJC_ROOT_CLASS = YES_ERROR;
				CLANG_WARN_RANGE_LOOP_ANALYSIS = YES;
				CLANG_WARN_STRICT_PROTOTYPES = YES;
				CLANG_WARN_SUSPICIOUS_MOVE = YES;
				CLANG_WARN_UNGUARDED_AVAILABILITY = YES_AGGRESSIVE;
				CLANG_WARN_UNREACHABLE_CODE = YES;
				CLANG_WARN__DUPLICATE_METHOD_MATCH = YES;
				CODE_SIGN_IDENTITY = "iPhone Developer";
				COPY_PHASE_STRIP = NO;
				DEBUG_INFORMATION_FORMAT = dwarf;
				ENABLE_STRICT_OBJC_MSGSEND = YES;
				ENABLE_TESTABILITY = YES;
				GCC_C_LANGUAGE_STANDARD = gnu11;
				GCC_DYNAMIC_NO_PIC = NO;
				GCC_NO_COMMON_BLOCKS = YES;
				GCC_OPTIMIZATION_LEVEL = 0;
				GCC_PREPROCESSOR_DEFINITIONS = (
					"DEBUG=1",
					"$(inherited)",
				);
				GCC_WARN_64_TO_32_BIT_CONVERSION = YES;
				GCC_WARN_ABOUT_RETURN_TYPE = YES_ERROR;
				GCC_WARN_UNDECLARED_SELECTOR = YES;
				GCC_WARN_UNINITIALIZED_AUTOS = YES_AGGRESSIVE;
				GCC_WARN_UNUSED_FUNCTION = YES;
				GCC_WARN_UNUSED_VARIABLE = YES;
				IPHONEOS_DEPLOYMENT_TARGET = 12.0;
				MTL_ENABLE_DEBUG_INFO = INCLUDE_SOURCE;
				MTL_FAST_MATH = YES;
				ONLY_ACTIVE_ARCH = YES;
				SDKROOT = iphoneos;
				SWIFT_ACTIVE_COMPILATION_CONDITIONS = DEBUG;
				SWIFT_OPTIMIZATION_LEVEL = "-Onone";
			};
			name = Debug;
		};
		90BD39D421B6F6F700BA7421 /* Release */ = {
			isa = XCBuildConfiguration;
			buildSettings = {
				ALWAYS_SEARCH_USER_PATHS = NO;
				CLANG_ANALYZER_NONNULL = YES;
				CLANG_ANALYZER_NUMBER_OBJECT_CONVERSION = YES_AGGRESSIVE;
				CLANG_CXX_LANGUAGE_STANDARD = "gnu++14";
				CLANG_CXX_LIBRARY = "libc++";
				CLANG_ENABLE_MODULES = YES;
				CLANG_ENABLE_OBJC_ARC = YES;
				CLANG_ENABLE_OBJC_WEAK = YES;
				CLANG_WARN_BLOCK_CAPTURE_AUTORELEASING = YES;
				CLANG_WARN_BOOL_CONVERSION = YES;
				CLANG_WARN_COMMA = YES;
				CLANG_WARN_CONSTANT_CONVERSION = YES;
				CLANG_WARN_DEPRECATED_OBJC_IMPLEMENTATIONS = YES;
				CLANG_WARN_DIRECT_OBJC_ISA_USAGE = YES_ERROR;
				CLANG_WARN_DOCUMENTATION_COMMENTS = YES;
				CLANG_WARN_EMPTY_BODY = YES;
				CLANG_WARN_ENUM_CONVERSION = YES;
				CLANG_WARN_INFINITE_RECURSION = YES;
				CLANG_WARN_INT_CONVERSION = YES;
				CLANG_WARN_NON_LITERAL_NULL_CONVERSION = YES;
				CLANG_WARN_OBJC_IMPLICIT_RETAIN_SELF = YES;
				CLANG_WARN_OBJC_LITERAL_CONVERSION = YES;
				CLANG_WARN_OBJC_ROOT_CLASS = YES_ERROR;
				CLANG_WARN_RANGE_LOOP_ANALYSIS = YES;
				CLANG_WARN_STRICT_PROTOTYPES = YES;
				CLANG_WARN_SUSPICIOUS_MOVE = YES;
				CLANG_WARN_UNGUARDED_AVAILABILITY = YES_AGGRESSIVE;
				CLANG_WARN_UNREACHABLE_CODE = YES;
				CLANG_WARN__DUPLICATE_METHOD_MATCH = YES;
				CODE_SIGN_IDENTITY = "iPhone Developer";
				COPY_PHASE_STRIP = NO;
				DEBUG_INFORMATION_FORMAT = "dwarf-with-dsym";
				ENABLE_NS_ASSERTIONS = NO;
				ENABLE_STRICT_OBJC_MSGSEND = YES;
				GCC_C_LANGUAGE_STANDARD = gnu11;
				GCC_NO_COMMON_BLOCKS = YES;
				GCC_WARN_64_TO_32_BIT_CONVERSION = YES;
				GCC_WARN_ABOUT_RETURN_TYPE = YES_ERROR;
				GCC_WARN_UNDECLARED_SELECTOR = YES;
				GCC_WARN_UNINITIALIZED_AUTOS = YES_AGGRESSIVE;
				GCC_WARN_UNUSED_FUNCTION = YES;
				GCC_WARN_UNUSED_VARIABLE = YES;
				IPHONEOS_DEPLOYMENT_TARGET = 12.0;
				MTL_ENABLE_DEBUG_INFO = NO;
				MTL_FAST_MATH = YES;
				SDKROOT = iphoneos;
				SWIFT_COMPILATION_MODE = wholemodule;
				SWIFT_OPTIMIZATION_LEVEL = "-O";
				VALIDATE_PRODUCT = YES;
			};
			name = Release;
		};
		90BD39D621B6F6F700BA7421 /* Debug */ = {
			isa = XCBuildConfiguration;
			buildSettings = {
				ASSETCATALOG_COMPILER_APPICON_NAME = AppIcon;
				CODE_SIGN_STYLE = Automatic;
				DEVELOPMENT_TEAM = 6LUKKGTQB5;
				INFOPLIST_FILE = Watch_Face_Christmas_2018/Info.plist;
				LD_RUNPATH_SEARCH_PATHS = (
					"$(inherited)",
					"@executable_path/Frameworks",
				);
				PRODUCT_BUNDLE_IDENTIFIER = "com.tynior.Watch-Face-Christmas-2018";
				PRODUCT_NAME = "$(TARGET_NAME)";
				SWIFT_VERSION = 4.2;
				TARGETED_DEVICE_FAMILY = "1,2";
			};
			name = Debug;
		};
		90BD39D721B6F6F700BA7421 /* Release */ = {
			isa = XCBuildConfiguration;
			buildSettings = {
				ASSETCATALOG_COMPILER_APPICON_NAME = AppIcon;
				CODE_SIGN_STYLE = Automatic;
				DEVELOPMENT_TEAM = 6LUKKGTQB5;
				INFOPLIST_FILE = Watch_Face_Christmas_2018/Info.plist;
				LD_RUNPATH_SEARCH_PATHS = (
					"$(inherited)",
					"@executable_path/Frameworks",
				);
				PRODUCT_BUNDLE_IDENTIFIER = "com.tynior.Watch-Face-Christmas-2018";
				PRODUCT_NAME = "$(TARGET_NAME)";
				SWIFT_VERSION = 4.2;
				TARGETED_DEVICE_FAMILY = "1,2";
			};
			name = Release;
		};
		90BD39F621B6F75700BA7421 /* Debug */ = {
			isa = XCBuildConfiguration;
			buildSettings = {
				ASSETCATALOG_COMPILER_COMPLICATION_NAME = Complication;
				CODE_SIGN_STYLE = Automatic;
				DEVELOPMENT_TEAM = 6LUKKGTQB5;
				INFOPLIST_FILE = "Christmas_2018_Watch_Face Extension/Info.plist";
				LD_RUNPATH_SEARCH_PATHS = (
					"$(inherited)",
					"@executable_path/Frameworks",
					"@executable_path/../../Frameworks",
				);
				PRODUCT_BUNDLE_IDENTIFIER = "com.tynior.Watch-Face-Christmas-2018.watchkitapp.watchkitextension";
				PRODUCT_NAME = "${TARGET_NAME}";
				SDKROOT = watchos;
				SKIP_INSTALL = YES;
				SWIFT_VERSION = 4.2;
				TARGETED_DEVICE_FAMILY = 4;
				WATCHOS_DEPLOYMENT_TARGET = 5.0;
			};
			name = Debug;
		};
		90BD39F721B6F75700BA7421 /* Release */ = {
			isa = XCBuildConfiguration;
			buildSettings = {
				ASSETCATALOG_COMPILER_COMPLICATION_NAME = Complication;
				CODE_SIGN_STYLE = Automatic;
				DEVELOPMENT_TEAM = 6LUKKGTQB5;
				INFOPLIST_FILE = "Christmas_2018_Watch_Face Extension/Info.plist";
				LD_RUNPATH_SEARCH_PATHS = (
					"$(inherited)",
					"@executable_path/Frameworks",
					"@executable_path/../../Frameworks",
				);
				PRODUCT_BUNDLE_IDENTIFIER = "com.tynior.Watch-Face-Christmas-2018.watchkitapp.watchkitextension";
				PRODUCT_NAME = "${TARGET_NAME}";
				SDKROOT = watchos;
				SKIP_INSTALL = YES;
				SWIFT_VERSION = 4.2;
				TARGETED_DEVICE_FAMILY = 4;
				WATCHOS_DEPLOYMENT_TARGET = 5.0;
			};
			name = Release;
		};
		90BD39FA21B6F75700BA7421 /* Debug */ = {
			isa = XCBuildConfiguration;
			buildSettings = {
				ALWAYS_EMBED_SWIFT_STANDARD_LIBRARIES = YES;
				ASSETCATALOG_COMPILER_APPICON_NAME = AppIcon;
				CODE_SIGN_STYLE = Automatic;
				DEVELOPMENT_TEAM = 6LUKKGTQB5;
				IBSC_MODULE = Christmas_2018_Watch_Face_Extension;
				INFOPLIST_FILE = Christmas_2018_Watch_Face/Info.plist;
				PRODUCT_BUNDLE_IDENTIFIER = "com.tynior.Watch-Face-Christmas-2018.watchkitapp";
				PRODUCT_NAME = "$(TARGET_NAME)";
				SDKROOT = watchos;
				SKIP_INSTALL = YES;
				SWIFT_VERSION = 4.2;
				TARGETED_DEVICE_FAMILY = 4;
				WATCHOS_DEPLOYMENT_TARGET = 5.0;
			};
			name = Debug;
		};
		90BD39FB21B6F75700BA7421 /* Release */ = {
			isa = XCBuildConfiguration;
			buildSettings = {
				ALWAYS_EMBED_SWIFT_STANDARD_LIBRARIES = YES;
				ASSETCATALOG_COMPILER_APPICON_NAME = AppIcon;
				CODE_SIGN_STYLE = Automatic;
				DEVELOPMENT_TEAM = 6LUKKGTQB5;
				IBSC_MODULE = Christmas_2018_Watch_Face_Extension;
				INFOPLIST_FILE = Christmas_2018_Watch_Face/Info.plist;
				PRODUCT_BUNDLE_IDENTIFIER = "com.tynior.Watch-Face-Christmas-2018.watchkitapp";
				PRODUCT_NAME = "$(TARGET_NAME)";
				SDKROOT = watchos;
				SKIP_INSTALL = YES;
				SWIFT_VERSION = 4.2;
				TARGETED_DEVICE_FAMILY = 4;
				WATCHOS_DEPLOYMENT_TARGET = 5.0;
			};
			name = Release;
		};
/* End XCBuildConfiguration section */

/* Begin XCConfigurationList section */
		90BD39BE21B6F6F500BA7421 /* Build configuration list for PBXProject "Watch_Face_Christmas_2018" */ = {
			isa = XCConfigurationList;
			buildConfigurations = (
				90BD39D321B6F6F700BA7421 /* Debug */,
				90BD39D421B6F6F700BA7421 /* Release */,
			);
			defaultConfigurationIsVisible = 0;
			defaultConfigurationName = Release;
		};
		90BD39D521B6F6F700BA7421 /* Build configuration list for PBXNativeTarget "Watch_Face_Christmas_2018" */ = {
			isa = XCConfigurationList;
			buildConfigurations = (
				90BD39D621B6F6F700BA7421 /* Debug */,
				90BD39D721B6F6F700BA7421 /* Release */,
			);
			defaultConfigurationIsVisible = 0;
			defaultConfigurationName = Release;
		};
		90BD39F521B6F75700BA7421 /* Build configuration list for PBXNativeTarget "Christmas_2018_Watch_Face Extension" */ = {
			isa = XCConfigurationList;
			buildConfigurations = (
				90BD39F621B6F75700BA7421 /* Debug */,
				90BD39F721B6F75700BA7421 /* Release */,
			);
			defaultConfigurationIsVisible = 0;
			defaultConfigurationName = Release;
		};
		90BD39F921B6F75700BA7421 /* Build configuration list for PBXNativeTarget "Christmas_2018_Watch_Face" */ = {
			isa = XCConfigurationList;
			buildConfigurations = (
				90BD39FA21B6F75700BA7421 /* Debug */,
				90BD39FB21B6F75700BA7421 /* Release */,
			);
			defaultConfigurationIsVisible = 0;
			defaultConfigurationName = Release;
		};
/* End XCConfigurationList section */
	};
	rootObject = 90BD39BB21B6F6F500BA7421 /* Project object */;
}
